
Microsoft Visual Studio Solution File, Format Version 12.00
# Visual Studio 15
Project("{FAE04EC0-301F-11D3-BF4B-00C04F79EFBC}") = "EbookConverter.WebApi", "EbookConverter.WebApi.csproj", "{03095853-FD66-4292-9137-FF1BA821DCD2}"
EndProject
Project("{FAE04EC0-301F-11D3-BF4B-00C04F79EFBC}") = "EbookConverter.Tests", "..\..\test\EbookConverter.Tests\EbookConverter.Tests.csproj", "{A689A9C2-D587-4454-8AC8-36C21019F36E}"
EndProject
Global
	GlobalSection(SolutionConfigurationPlatforms) = preSolution
		Debug|Any CPU = Debug|Any CPU
		Release|Any CPU = Release|Any CPU
	EndGlobalSection
	GlobalSection(ProjectConfigurationPlatforms) = postSolution
		{03095853-FD66-4292-9137-FF1BA821DCD2}.Debug|Any CPU.ActiveCfg = Debug|Any CPU
		{03095853-FD66-4292-9137-FF1BA821DCD2}.Debug|Any CPU.Build.0 = Debug|Any CPU
		{03095853-FD66-4292-9137-FF1BA821DCD2}.Release|Any CPU.ActiveCfg = Release|Any CPU
		{03095853-FD66-4292-9137-FF1BA821DCD2}.Release|Any CPU.Build.0 = Release|Any CPU
		{A689A9C2-D587-4454-8AC8-36C21019F36E}.Debug|Any CPU.ActiveCfg = Debug|Any CPU
		{A689A9C2-D587-4454-8AC8-36C21019F36E}.Debug|Any CPU.Build.0 = Debug|Any CPU
		{A689A9C2-D587-4454-8AC8-36C21019F36E}.Release|Any CPU.ActiveCfg = Release|Any CPU
		{A689A9C2-D587-4454-8AC8-36C21019F36E}.Release|Any CPU.Build.0 = Release|Any CPU
	EndGlobalSection
EndGlobal
